
Microsoft Visual Studio Solution File, Format Version 12.00
# Visual Studio Version 16
VisualStudioVersion = 16.0.31624.102
MinimumVisualStudioVersion = 10.0.40219.1
Project("{FAE04EC0-301F-11D3-BF4B-00C04F79EFBC}") = "Assignment2", "Assignment2.csproj", "{7D232FA6-53DF-4847-8245-7732CA61A743}"
EndProject
Global
	GlobalSection(SolutionConfigurationPlatforms) = preSolution
		Debug|Any CPU = Debug|Any CPU
		Release|Any CPU = Release|Any CPU
	EndGlobalSection
	GlobalSection(ProjectConfigurationPlatforms) = postSolution
		{7D232FA6-53DF-4847-8245-7732CA61A743}.Debug|Any CPU.ActiveCfg = Debug|Any CPU
		{7D232FA6-53DF-4847-8245-7732CA61A743}.Debug|Any CPU.Build.0 = Debug|Any CPU
		{7D232FA6-53DF-4847-8245-7732CA61A743}.Release|Any CPU.ActiveCfg = Release|Any CPU
		{7D232FA6-53DF-4847-8245-7732CA61A743}.Release|Any CPU.Build.0 = Release|Any CPU
	EndGlobalSection
	GlobalSection(SolutionProperties) = preSolution
		HideSolutionNode = FALSE
	EndGlobalSection
	GlobalSection(ExtensibilityGlobals) = postSolution
		SolutionGuid = {199F9F18-444F-49F0-891A-685719128438}
	EndGlobalSection
EndGlobal
